{
  "requires": true,
  "lockfileVersion": 1,
  "dependencies": {
    "moment": {
      "version": "2.22.0",
      "resolved": "https://registry.npmjs.org/moment/-/moment-2.22.0.tgz",
      "integrity": "sha512-1muXCh8jb1N/gHRbn9VDUBr0GYb8A/aVcHlII9QSB68a50spqEVLIGN6KVmCOnSvJrUhC0edGgKU5ofnGXdYdg=="
    },
    "momentjs": {
      "version": "2.0.0",
      "resolved": "https://registry.npmjs.org/momentjs/-/momentjs-2.0.0.tgz",
      "integrity": "sha1-c9+QS0+kGPbjxgXoMc727VUY69Q="
    }
  }
}
